
Microsoft Visual Studio Solution File, Format Version 12.00
# Visual Studio Version 16
VisualStudioVersion = 16.0.29102.190
MinimumVisualStudioVersion = 10.0.40219.1
Project("{9A19103F-16F7-4668-BE54-9A1E7A4F7556}") = "PrintStore", "PrintStore.csproj", "{7B89D6CB-5E2C-4BFB-A1E8-0699D759D493}"
EndProject
Global
	GlobalSection(SolutionConfigurationPlatforms) = preSolution
		Debug|Any CPU = Debug|Any CPU
		Release|Any CPU = Release|Any CPU
	EndGlobalSection
	GlobalSection(ProjectConfigurationPlatforms) = postSolution
		{7B89D6CB-5E2C-4BFB-A1E8-0699D759D493}.Debug|Any CPU.ActiveCfg = Debug|Any CPU
		{7B89D6CB-5E2C-4BFB-A1E8-0699D759D493}.Debug|Any CPU.Build.0 = Debug|Any CPU
		{7B89D6CB-5E2C-4BFB-A1E8-0699D759D493}.Release|Any CPU.ActiveCfg = Release|Any CPU
		{7B89D6CB-5E2C-4BFB-A1E8-0699D759D493}.Release|Any CPU.Build.0 = Release|Any CPU
	EndGlobalSection
	GlobalSection(SolutionProperties) = preSolution
		HideSolutionNode = FALSE
	EndGlobalSection
	GlobalSection(ExtensibilityGlobals) = postSolution
		SolutionGuid = {A59BFDEF-417E-4009-8675-9323E1D57C42}
	EndGlobalSection
EndGlobal
